
Microsoft Visual Studio Solution File, Format Version 12.00
# Visual Studio Version 16
VisualStudioVersion = 16.0.30621.155
MinimumVisualStudioVersion = 10.0.40219.1
Project("{888888A0-9F3D-457C-B088-3A5042F75D52}") = "counterbet", "counterbet.pyproj", "{3EA40DCD-FF30-4A9F-83BE-E18ECD32B3DA}"
EndProject
Global
	GlobalSection(SolutionConfigurationPlatforms) = preSolution
		Debug|Any CPU = Debug|Any CPU
		Release|Any CPU = Release|Any CPU
	EndGlobalSection
	GlobalSection(ProjectConfigurationPlatforms) = postSolution
		{3EA40DCD-FF30-4A9F-83BE-E18ECD32B3DA}.Debug|Any CPU.ActiveCfg = Debug|Any CPU
		{3EA40DCD-FF30-4A9F-83BE-E18ECD32B3DA}.Release|Any CPU.ActiveCfg = Release|Any CPU
	EndGlobalSection
	GlobalSection(SolutionProperties) = preSolution
		HideSolutionNode = FALSE
	EndGlobalSection
	GlobalSection(ExtensibilityGlobals) = postSolution
		SolutionGuid = {AF5FF073-1C15-4A6E-8935-58FC52D68A19}
	EndGlobalSection
EndGlobal
